
Microsoft Visual Studio Solution File, Format Version 12.00
# Visual Studio Version 17
VisualStudioVersion = 17.6.33712.159
MinimumVisualStudioVersion = 10.0.40219.1
Project("{FAE04EC0-301F-11D3-BF4B-00C04F79EFBC}") = "WorkingwithSQLLiteinAsp.NETCoreWebAPI", "WorkingwithSQLLiteinAsp.NETCoreWebAPI.csproj", "{F25A4D50-85F5-459A-94D4-78DDC84F8706}"
EndProject
Global
	GlobalSection(SolutionConfigurationPlatforms) = preSolution
		Debug|Any CPU = Debug|Any CPU
		Release|Any CPU = Release|Any CPU
	EndGlobalSection
	GlobalSection(ProjectConfigurationPlatforms) = postSolution
		{F25A4D50-85F5-459A-94D4-78DDC84F8706}.Debug|Any CPU.ActiveCfg = Debug|Any CPU
		{F25A4D50-85F5-459A-94D4-78DDC84F8706}.Debug|Any CPU.Build.0 = Debug|Any CPU
		{F25A4D50-85F5-459A-94D4-78DDC84F8706}.Release|Any CPU.ActiveCfg = Release|Any CPU
		{F25A4D50-85F5-459A-94D4-78DDC84F8706}.Release|Any CPU.Build.0 = Release|Any CPU
	EndGlobalSection
	GlobalSection(SolutionProperties) = preSolution
		HideSolutionNode = FALSE
	EndGlobalSection
	GlobalSection(ExtensibilityGlobals) = postSolution
		SolutionGuid = {E147A493-41D1-4769-B2B2-73A1FA936F7A}
	EndGlobalSection
EndGlobal
